// !$*UTF8*$!
{
	archiveVersion = 1;
	classes = {
	};
	objectVersion = 50;
	objects = {

/* Begin PBXBuildFile section */
		202D503C21B41B9800483DCA /* AppDelegate.swift in Sources */ = {isa = PBXBuildFile; fileRef = 202D503B21B41B9800483DCA /* AppDelegate.swift */; };
		202D503E21B41B9800483DCA /* MasterViewController.swift in Sources */ = {isa = PBXBuildFile; fileRef = 202D503D21B41B9800483DCA /* MasterViewController.swift */; };
		202D504021B41B9800483DCA /* DetailViewController.swift in Sources */ = {isa = PBXBuildFile; fileRef = 202D503F21B41B9800483DCA /* DetailViewController.swift */; };
		202D504321B41B9800483DCA /* Main.storyboard in Resources */ = {isa = PBXBuildFile; fileRef = 202D504121B41B9800483DCA /* Main.storyboard */; };
		202D504521B41B9A00483DCA /* Assets.xcassets in Resources */ = {isa = PBXBuildFile; fileRef = 202D504421B41B9A00483DCA /* Assets.xcassets */; };
		202D504821B41B9A00483DCA /* LaunchScreen.storyboard in Resources */ = {isa = PBXBuildFile; fileRef = 202D504621B41B9A00483DCA /* LaunchScreen.storyboard */; };
		202D505321B41B9A00483DCA /* MVxTests.swift in Sources */ = {isa = PBXBuildFile; fileRef = 202D505221B41B9A00483DCA /* MVxTests.swift */; };
		202D505E21B41B9A00483DCA /* MVxUITests.swift in Sources */ = {isa = PBXBuildFile; fileRef = 202D505D21B41B9A00483DCA /* MVxUITests.swift */; };
		5FB76B6B947F285E639ABFCA /* Pods_MVx.framework in Frameworks */ = {isa = PBXBuildFile; fileRef = 47FCE7304688407096CCB51F /* Pods_MVx.framework */; };
		7A93B5F05A41D838F7AB4724 /* Pods_MVxTests.framework in Frameworks */ = {isa = PBXBuildFile; fileRef = 19A5FD5E243526C0C51FBA71 /* Pods_MVxTests.framework */; };
		D135ACF5CD93B20EF9AB1B36 /* Pods_MVxUITests.framework in Frameworks */ = {isa = PBXBuildFile; fileRef = 73B4E7339AF4A5101D5476DB /* Pods_MVxUITests.framework */; };
/* End PBXBuildFile section */

/* Begin PBXContainerItemProxy section */
		202D504F21B41B9A00483DCA /* PBXContainerItemProxy */ = {
			isa = PBXContainerItemProxy;
			containerPortal = 202D503021B41B9700483DCA /* Project object */;
			proxyType = 1;
			remoteGlobalIDString = 202D503721B41B9800483DCA;
			remoteInfo = MVx;
		};
		202D505A21B41B9A00483DCA /* PBXContainerItemProxy */ = {
			isa = PBXContainerItemProxy;
			containerPortal = 202D503021B41B9700483DCA /* Project object */;
			proxyType = 1;
			remoteGlobalIDString = 202D503721B41B9800483DCA;
			remoteInfo = MVx;
		};
/* End PBXContainerItemProxy section */

/* Begin PBXFileReference section */
		19A5FD5E243526C0C51FBA71 /* Pods_MVxTests.framework */ = {isa = PBXFileReference; explicitFileType = wrapper.framework; includeInIndex = 0; path = Pods_MVxTests.framework; sourceTree = BUILT_PRODUCTS_DIR; };
		202D503821B41B9800483DCA /* MVx.app */ = {isa = PBXFileReference; explicitFileType = wrapper.application; includeInIndex = 0; path = MVx.app; sourceTree = BUILT_PRODUCTS_DIR; };
		202D503B21B41B9800483DCA /* AppDelegate.swift */ = {isa = PBXFileReference; lastKnownFileType = sourcecode.swift; path = AppDelegate.swift; sourceTree = "<group>"; };
		202D503D21B41B9800483DCA /* MasterViewController.swift */ = {isa = PBXFileReference; lastKnownFileType = sourcecode.swift; path = MasterViewController.swift; sourceTree = "<group>"; };
		202D503F21B41B9800483DCA /* DetailViewController.swift */ = {isa = PBXFileReference; lastKnownFileType = sourcecode.swift; path = DetailViewController.swift; sourceTree = "<group>"; };
		202D504221B41B9800483DCA /* Base */ = {isa = PBXFileReference; lastKnownFileType = file.storyboard; name = Base; path = Base.lproj/Main.storyboard; sourceTree = "<group>"; };
		202D504421B41B9A00483DCA /* Assets.xcassets */ = {isa = PBXFileReference; lastKnownFileType = folder.assetcatalog; path = Assets.xcassets; sourceTree = "<group>"; };
		202D504721B41B9A00483DCA /* Base */ = {isa = PBXFileReference; lastKnownFileType = file.storyboard; name = Base; path = Base.lproj/LaunchScreen.storyboard; sourceTree = "<group>"; };
		202D504921B41B9A00483DCA /* Info.plist */ = {isa = PBXFileReference; lastKnownFileType = text.plist.xml; path = Info.plist; sourceTree = "<group>"; };
		202D504E21B41B9A00483DCA /* MVxTests.xctest */ = {isa = PBXFileReference; explicitFileType = wrapper.cfbundle; includeInIndex = 0; path = MVxTests.xctest; sourceTree = BUILT_PRODUCTS_DIR; };
		202D505221B41B9A00483DCA /* MVxTests.swift */ = {isa = PBXFileReference; lastKnownFileType = sourcecode.swift; path = MVxTests.swift; sourceTree = "<group>"; };
		202D505421B41B9A00483DCA /* Info.plist */ = {isa = PBXFileReference; lastKnownFileType = text.plist.xml; path = Info.plist; sourceTree = "<group>"; };
		202D505921B41B9A00483DCA /* MVxUITests.xctest */ = {isa = PBXFileReference; explicitFileType = wrapper.cfbundle; includeInIndex = 0; path = MVxUITests.xctest; sourceTree = BUILT_PRODUCTS_DIR; };
		202D505D21B41B9A00483DCA /* MVxUITests.swift */ = {isa = PBXFileReference; lastKnownFileType = sourcecode.swift; path = MVxUITests.swift; sourceTree = "<group>"; };
		202D505F21B41B9A00483DCA /* Info.plist */ = {isa = PBXFileReference; lastKnownFileType = text.plist.xml; path = Info.plist; sourceTree = "<group>"; };
		2D93F5B826541E3BF59505D6 /* Pods-MVxUITests.release.xcconfig */ = {isa = PBXFileReference; includeInIndex = 1; lastKnownFileType = text.xcconfig; name = "Pods-MVxUITests.release.xcconfig"; path = "Pods/Target Support Files/Pods-MVxUITests/Pods-MVxUITests.release.xcconfig"; sourceTree = "<group>"; };
		47FCE7304688407096CCB51F /* Pods_MVx.framework */ = {isa = PBXFileReference; explicitFileType = wrapper.framework; includeInIndex = 0; path = Pods_MVx.framework; sourceTree = BUILT_PRODUCTS_DIR; };
		73B4E7339AF4A5101D5476DB /* Pods_MVxUITests.framework */ = {isa = PBXFileReference; explicitFileType = wrapper.framework; includeInIndex = 0; path = Pods_MVxUITests.framework; sourceTree = BUILT_PRODUCTS_DIR; };
		98C0AD395B198AD849A6D719 /* Pods-MVx.release.xcconfig */ = {isa = PBXFileReference; includeInIndex = 1; lastKnownFileType = text.xcconfig; name = "Pods-MVx.release.xcconfig"; path = "Pods/Target Support Files/Pods-MVx/Pods-MVx.release.xcconfig"; sourceTree = "<group>"; };
		C4FE945B20200D8442FE1D48 /* Pods-MVxTests.release.xcconfig */ = {isa = PBXFileReference; includeInIndex = 1; lastKnownFileType = text.xcconfig; name = "Pods-MVxTests.release.xcconfig"; path = "Pods/Target Support Files/Pods-MVxTests/Pods-MVxTests.release.xcconfig"; sourceTree = "<group>"; };
		ED4167AF86161E819118D293 /* Pods-MVxTests.debug.xcconfig */ = {isa = PBXFileReference; includeInIndex = 1; lastKnownFileType = text.xcconfig; name = "Pods-MVxTests.debug.xcconfig"; path = "Pods/Target Support Files/Pods-MVxTests/Pods-MVxTests.debug.xcconfig"; sourceTree = "<group>"; };
		F02C69CAE9E5EEBCDCA4E6A2 /* Pods-MVxUITests.debug.xcconfig */ = {isa = PBXFileReference; includeInIndex = 1; lastKnownFileType = text.xcconfig; name = "Pods-MVxUITests.debug.xcconfig"; path = "Pods/Target Support Files/Pods-MVxUITests/Pods-MVxUITests.debug.xcconfig"; sourceTree = "<group>"; };
		F22F1B656577A19C6411B300 /* Pods-MVx.debug.xcconfig */ = {isa = PBXFileReference; includeInIndex = 1; lastKnownFileType = text.xcconfig; name = "Pods-MVx.debug.xcconfig"; path = "Pods/Target Support Files/Pods-MVx/Pods-MVx.debug.xcconfig"; sourceTree = "<group>"; };
/* End PBXFileReference section */

/* Begin PBXFrameworksBuildPhase section */
		202D503521B41B9800483DCA /* Frameworks */ = {
			isa = PBXFrameworksBuildPhase;
			buildActionMask = 2147483647;
			files = (
				5FB76B6B947F285E639ABFCA /* Pods_MVx.framework in Frameworks */,
			);
			runOnlyForDeploymentPostprocessing = 0;
		};
		202D504B21B41B9A00483DCA /* Frameworks */ = {
			isa = PBXFrameworksBuildPhase;
			buildActionMask = 2147483647;
			files = (
				7A93B5F05A41D838F7AB4724 /* Pods_MVxTests.framework in Frameworks */,
			);
			runOnlyForDeploymentPostprocessing = 0;
		};
		202D505621B41B9A00483DCA /* Frameworks */ = {
			isa = PBXFrameworksBuildPhase;
			buildActionMask = 2147483647;
			files = (
				D135ACF5CD93B20EF9AB1B36 /* Pods_MVxUITests.framework in Frameworks */,
			);
			runOnlyForDeploymentPostprocessing = 0;
		};
/* End PBXFrameworksBuildPhase section */

/* Begin PBXGroup section */
		1D5950EDB0444E7F82D2B48F /* Pods */ = {
			isa = PBXGroup;
			children = (
				F22F1B656577A19C6411B300 /* Pods-MVx.debug.xcconfig */,
				98C0AD395B198AD849A6D719 /* Pods-MVx.release.xcconfig */,
				ED4167AF86161E819118D293 /* Pods-MVxTests.debug.xcconfig */,
				C4FE945B20200D8442FE1D48 /* Pods-MVxTests.release.xcconfig */,
				F02C69CAE9E5EEBCDCA4E6A2 /* Pods-MVxUITests.debug.xcconfig */,
				2D93F5B826541E3BF59505D6 /* Pods-MVxUITests.release.xcconfig */,
			);
			name = Pods;
			sourceTree = "<group>";
		};
		202D502F21B41B9700483DCA = {
			isa = PBXGroup;
			children = (
				202D503A21B41B9800483DCA /* MVx */,
				202D505121B41B9A00483DCA /* MVxTests */,
				202D505C21B41B9A00483DCA /* MVxUITests */,
				202D503921B41B9800483DCA /* Products */,
				1D5950EDB0444E7F82D2B48F /* Pods */,
				C27BD358702535EF2E3DD73A /* Frameworks */,
			);
			sourceTree = "<group>";
		};
		202D503921B41B9800483DCA /* Products */ = {
			isa = PBXGroup;
			children = (
				202D503821B41B9800483DCA /* MVx.app */,
				202D504E21B41B9A00483DCA /* MVxTests.xctest */,
				202D505921B41B9A00483DCA /* MVxUITests.xctest */,
			);
			name = Products;
			sourceTree = "<group>";
		};
		202D503A21B41B9800483DCA /* MVx */ = {
			isa = PBXGroup;
			children = (
				202D503B21B41B9800483DCA /* AppDelegate.swift */,
				202D503D21B41B9800483DCA /* MasterViewController.swift */,
				202D503F21B41B9800483DCA /* DetailViewController.swift */,
				202D504121B41B9800483DCA /* Main.storyboard */,
				202D504421B41B9A00483DCA /* Assets.xcassets */,
				202D504621B41B9A00483DCA /* LaunchScreen.storyboard */,
				202D504921B41B9A00483DCA /* Info.plist */,
			);
			path = MVx;
			sourceTree = "<group>";
		};
		202D505121B41B9A00483DCA /* MVxTests */ = {
			isa = PBXGroup;
			children = (
				202D505221B41B9A00483DCA /* MVxTests.swift */,
				202D505421B41B9A00483DCA /* Info.plist */,
			);
			path = MVxTests;
			sourceTree = "<group>";
		};
		202D505C21B41B9A00483DCA /* MVxUITests */ = {
			isa = PBXGroup;
			children = (
				202D505D21B41B9A00483DCA /* MVxUITests.swift */,
				202D505F21B41B9A00483DCA /* Info.plist */,
			);
			path = MVxUITests;
			sourceTree = "<group>";
		};
		C27BD358702535EF2E3DD73A /* Frameworks */ = {
			isa = PBXGroup;
			children = (
				47FCE7304688407096CCB51F /* Pods_MVx.framework */,
				19A5FD5E243526C0C51FBA71 /* Pods_MVxTests.framework */,
				73B4E7339AF4A5101D5476DB /* Pods_MVxUITests.framework */,
			);
			name = Frameworks;
			sourceTree = "<group>";
		};
/* End PBXGroup section */

/* Begin PBXNativeTarget section */
		202D503721B41B9800483DCA /* MVx */ = {
			isa = PBXNativeTarget;
			buildConfigurationList = 202D506221B41B9A00483DCA /* Build configuration list for PBXNativeTarget "MVx" */;
			buildPhases = (
				02AD289AE3C06DEE36BA2861 /* [CP] Check Pods Manifest.lock */,
				202D503421B41B9800483DCA /* Sources */,
				202D503521B41B9800483DCA /* Frameworks */,
				202D503621B41B9800483DCA /* Resources */,
				D5FFAEC240FB183F4CC50068 /* [CP] Embed Pods Frameworks */,
			);
			buildRules = (
			);
			dependencies = (
			);
			name = MVx;
			productName = MVx;
			productReference = 202D503821B41B9800483DCA /* MVx.app */;
			productType = "com.apple.product-type.application";
		};
		202D504D21B41B9A00483DCA /* MVxTests */ = {
			isa = PBXNativeTarget;
			buildConfigurationList = 202D506521B41B9A00483DCA /* Build configuration list for PBXNativeTarget "MVxTests" */;
			buildPhases = (
				5D39A8F949869A589FBB0CD6 /* [CP] Check Pods Manifest.lock */,
				202D504A21B41B9A00483DCA /* Sources */,
				202D504B21B41B9A00483DCA /* Frameworks */,
				202D504C21B41B9A00483DCA /* Resources */,
			);
			buildRules = (
			);
			dependencies = (
				202D505021B41B9A00483DCA /* PBXTargetDependency */,
			);
			name = MVxTests;
			productName = MVxTests;
			productReference = 202D504E21B41B9A00483DCA /* MVxTests.xctest */;
			productType = "com.apple.product-type.bundle.unit-test";
		};
		202D505821B41B9A00483DCA /* MVxUITests */ = {
			isa = PBXNativeTarget;
			buildConfigurationList = 202D506821B41B9A00483DCA /* Build configuration list for PBXNativeTarget "MVxUITests" */;
			buildPhases = (
				EB2E9C053248E8BD8411F543 /* [CP] Check Pods Manifest.lock */,
				202D505521B41B9A00483DCA /* Sources */,
				202D505621B41B9A00483DCA /* Frameworks */,
				202D505721B41B9A00483DCA /* Resources */,
			);
			buildRules = (
			);
			dependencies = (
				202D505B21B41B9A00483DCA /* PBXTargetDependency */,
			);
			name = MVxUITests;
			productName = MVxUITests;
			productReference = 202D505921B41B9A00483DCA /* MVxUITests.xctest */;
			productType = "com.apple.product-type.bundle.ui-testing";
		};
/* End PBXNativeTarget section */

/* Begin PBXProject section */
		202D503021B41B9700483DCA /* Project object */ = {
			isa = PBXProject;
			attributes = {
				LastSwiftUpdateCheck = 1010;
				LastUpgradeCheck = 1010;
				ORGANIZATIONNAME = "Mighty Strong Software";
				TargetAttributes = {
					202D503721B41B9800483DCA = {
						CreatedOnToolsVersion = 10.1;
					};
					202D504D21B41B9A00483DCA = {
						CreatedOnToolsVersion = 10.1;
						TestTargetID = 202D503721B41B9800483DCA;
					};
					202D505821B41B9A00483DCA = {
						CreatedOnToolsVersion = 10.1;
						TestTargetID = 202D503721B41B9800483DCA;
					};
				};
			};
			buildConfigurationList = 202D503321B41B9700483DCA /* Build configuration list for PBXProject "MVx" */;
			compatibilityVersion = "Xcode 9.3";
			developmentRegion = en;
			hasScannedForEncodings = 0;
			knownRegions = (
				en,
				Base,
			);
			mainGroup = 202D502F21B41B9700483DCA;
			productRefGroup = 202D503921B41B9800483DCA /* Products */;
			projectDirPath = "";
			projectRoot = "";
			targets = (
				202D503721B41B9800483DCA /* MVx */,
				202D504D21B41B9A00483DCA /* MVxTests */,
				202D505821B41B9A00483DCA /* MVxUITests */,
			);
		};
/* End PBXProject section */

/* Begin PBXResourcesBuildPhase section */
		202D503621B41B9800483DCA /* Resources */ = {
			isa = PBXResourcesBuildPhase;
			buildActionMask = 2147483647;
			files = (
				202D504821B41B9A00483DCA /* LaunchScreen.storyboard in Resources */,
				202D504521B41B9A00483DCA /* Assets.xcassets in Resources */,
				202D504321B41B9800483DCA /* Main.storyboard in Resources */,
			);
			runOnlyForDeploymentPostprocessing = 0;
		};
		202D504C21B41B9A00483DCA /* Resources */ = {
			isa = PBXResourcesBuildPhase;
			buildActionMask = 2147483647;
			files = (
			);
			runOnlyForDeploymentPostprocessing = 0;
		};
		202D505721B41B9A00483DCA /* Resources */ = {
			isa = PBXResourcesBuildPhase;
			buildActionMask = 2147483647;
			files = (
			);
			runOnlyForDeploymentPostprocessing = 0;
		};
/* End PBXResourcesBuildPhase section */

/* Begin PBXShellScriptBuildPhase section */
		02AD289AE3C06DEE36BA2861 /* [CP] Check Pods Manifest.lock */ = {
			isa = PBXShellScriptBuildPhase;
			buildActionMask = 2147483647;
			files = (
			);
			inputPaths = (
				"${PODS_PODFILE_DIR_PATH}/Podfile.lock",
				"${PODS_ROOT}/Manifest.lock",
			);
			name = "[CP] Check Pods Manifest.lock";
			outputPaths = (
				"$(DERIVED_FILE_DIR)/Pods-MVx-checkManifestLockResult.txt",
			);
			runOnlyForDeploymentPostprocessing = 0;
			shellPath = /bin/sh;
			shellScript = "diff \"${PODS_PODFILE_DIR_PATH}/Podfile.lock\" \"${PODS_ROOT}/Manifest.lock\" > /dev/null\nif [ $? != 0 ] ; then\n    # print error to STDERR\n    echo \"error: The sandbox is not in sync with the Podfile.lock. Run 'pod install' or update your CocoaPods installation.\" >&2\n    exit 1\nfi\n# This output is used by Xcode 'outputs' to avoid re-running this script phase.\necho \"SUCCESS\" > \"${SCRIPT_OUTPUT_FILE_0}\"\n";
			showEnvVarsInLog = 0;
		};
		5D39A8F949869A589FBB0CD6 /* [CP] Check Pods Manifest.lock */ = {
			isa = PBXShellScriptBuildPhase;
			buildActionMask = 2147483647;
			files = (
			);
			inputPaths = (
				"${PODS_PODFILE_DIR_PATH}/Podfile.lock",
				"${PODS_ROOT}/Manifest.lock",
			);
			name = "[CP] Check Pods Manifest.lock";
			outputPaths = (
				"$(DERIVED_FILE_DIR)/Pods-MVxTests-checkManifestLockResult.txt",
			);
			runOnlyForDeploymentPostprocessing = 0;
			shellPath = /bin/sh;
			shellScript = "diff \"${PODS_PODFILE_DIR_PATH}/Podfile.lock\" \"${PODS_ROOT}/Manifest.lock\" > /dev/null\nif [ $? != 0 ] ; then\n    # print error to STDERR\n    echo \"error: The sandbox is not in sync with the Podfile.lock. Run 'pod install' or update your CocoaPods installation.\" >&2\n    exit 1\nfi\n# This output is used by Xcode 'outputs' to avoid re-running this script phase.\necho \"SUCCESS\" > \"${SCRIPT_OUTPUT_FILE_0}\"\n";
			showEnvVarsInLog = 0;
		};
		D5FFAEC240FB183F4CC50068 /* [CP] Embed Pods Frameworks */ = {
			isa = PBXShellScriptBuildPhase;
			buildActionMask = 2147483647;
			files = (
			);
			inputPaths = (
				"${SRCROOT}/Pods/Target Support Files/Pods-MVx/Pods-MVx-frameworks.sh",
				"${BUILT_PRODUCTS_DIR}/ReSwift/ReSwift.framework",
				"${BUILT_PRODUCTS_DIR}/RxAtomic/RxAtomic.framework",
				"${BUILT_PRODUCTS_DIR}/RxCocoa/RxCocoa.framework",
				"${BUILT_PRODUCTS_DIR}/RxSwift/RxSwift.framework",
			);
			name = "[CP] Embed Pods Frameworks";
			outputPaths = (
				"${TARGET_BUILD_DIR}/${FRAMEWORKS_FOLDER_PATH}/ReSwift.framework",
				"${TARGET_BUILD_DIR}/${FRAMEWORKS_FOLDER_PATH}/RxAtomic.framework",
				"${TARGET_BUILD_DIR}/${FRAMEWORKS_FOLDER_PATH}/RxCocoa.framework",
				"${TARGET_BUILD_DIR}/${FRAMEWORKS_FOLDER_PATH}/RxSwift.framework",
			);
			runOnlyForDeploymentPostprocessing = 0;
			shellPath = /bin/sh;
			shellScript = "\"${SRCROOT}/Pods/Target Support Files/Pods-MVx/Pods-MVx-frameworks.sh\"\n";
			showEnvVarsInLog = 0;
		};
		EB2E9C053248E8BD8411F543 /* [CP] Check Pods Manifest.lock */ = {
			isa = PBXShellScriptBuildPhase;
			buildActionMask = 2147483647;
			files = (
			);
			inputPaths = (
				"${PODS_PODFILE_DIR_PATH}/Podfile.lock",
				"${PODS_ROOT}/Manifest.lock",
			);
			name = "[CP] Check Pods Manifest.lock";
			outputPaths = (
				"$(DERIVED_FILE_DIR)/Pods-MVxUITests-checkManifestLockResult.txt",
			);
			runOnlyForDeploymentPostprocessing = 0;
			shellPath = /bin/sh;
			shellScript = "diff \"${PODS_PODFILE_DIR_PATH}/Podfile.lock\" \"${PODS_ROOT}/Manifest.lock\" > /dev/null\nif [ $? != 0 ] ; then\n    # print error to STDERR\n    echo \"error: The sandbox is not in sync with the Podfile.lock. Run 'pod install' or update your CocoaPods installation.\" >&2\n    exit 1\nfi\n# This output is used by Xcode 'outputs' to avoid re-running this script phase.\necho \"SUCCESS\" > \"${SCRIPT_OUTPUT_FILE_0}\"\n";
			showEnvVarsInLog = 0;
		};
/* End PBXShellScriptBuildPhase section */

/* Begin PBXSourcesBuildPhase section */
		202D503421B41B9800483DCA /* Sources */ = {
			isa = PBXSourcesBuildPhase;
			buildActionMask = 2147483647;
			files = (
				202D504021B41B9800483DCA /* DetailViewController.swift in Sources */,
				202D503E21B41B9800483DCA /* MasterViewController.swift in Sources */,
				202D503C21B41B9800483DCA /* AppDelegate.swift in Sources */,
			);
			runOnlyForDeploymentPostprocessing = 0;
		};
		202D504A21B41B9A00483DCA /* Sources */ = {
			isa = PBXSourcesBuildPhase;
			buildActionMask = 2147483647;
			files = (
				202D505321B41B9A00483DCA /* MVxTests.swift in Sources */,
			);
			runOnlyForDeploymentPostprocessing = 0;
		};
		202D505521B41B9A00483DCA /* Sources */ = {
			isa = PBXSourcesBuildPhase;
			buildActionMask = 2147483647;
			files = (
				202D505E21B41B9A00483DCA /* MVxUITests.swift in Sources */,
			);
			runOnlyForDeploymentPostprocessing = 0;
		};
/* End PBXSourcesBuildPhase section */

/* Begin PBXTargetDependency section */
		202D505021B41B9A00483DCA /* PBXTargetDependency */ = {
			isa = PBXTargetDependency;
			target = 202D503721B41B9800483DCA /* MVx */;
			targetProxy = 202D504F21B41B9A00483DCA /* PBXContainerItemProxy */;
		};
		202D505B21B41B9A00483DCA /* PBXTargetDependency */ = {
			isa = PBXTargetDependency;
			target = 202D503721B41B9800483DCA /* MVx */;
			targetProxy = 202D505A21B41B9A00483DCA /* PBXContainerItemProxy */;
		};
/* End PBXTargetDependency section */

/* Begin PBXVariantGroup section */
		202D504121B41B9800483DCA /* Main.storyboard */ = {
			isa = PBXVariantGroup;
			children = (
				202D504221B41B9800483DCA /* Base */,
			);
			name = Main.storyboard;
			sourceTree = "<group>";
		};
		202D504621B41B9A00483DCA /* LaunchScreen.storyboard */ = {
			isa = PBXVariantGroup;
			children = (
				202D504721B41B9A00483DCA /* Base */,
			);
			name = LaunchScreen.storyboard;
			sourceTree = "<group>";
		};
/* End PBXVariantGroup section */

/* Begin XCBuildConfiguration section */
		202D506021B41B9A00483DCA /* Debug */ = {
			isa = XCBuildConfiguration;
			buildSettings = {
				ALWAYS_SEARCH_USER_PATHS = NO;
				CLANG_ANALYZER_NONNULL = YES;
				CLANG_ANALYZER_NUMBER_OBJECT_CONVERSION = YES_AGGRESSIVE;
				CLANG_CXX_LANGUAGE_STANDARD = "gnu++14";
				CLANG_CXX_LIBRARY = "libc++";
				CLANG_ENABLE_MODULES = YES;
				CLANG_ENABLE_OBJC_ARC = YES;
				CLANG_ENABLE_OBJC_WEAK = YES;
				CLANG_WARN_BLOCK_CAPTURE_AUTORELEASING = YES;
				CLANG_WARN_BOOL_CONVERSION = YES;
				CLANG_WARN_COMMA = YES;
				CLANG_WARN_CONSTANT_CONVERSION = YES;
				CLANG_WARN_DEPRECATED_OBJC_IMPLEMENTATIONS = YES;
				CLANG_WARN_DIRECT_OBJC_ISA_USAGE = YES_ERROR;
				CLANG_WARN_DOCUMENTATION_COMMENTS = YES;
				CLANG_WARN_EMPTY_BODY = YES;
				CLANG_WARN_ENUM_CONVERSION = YES;
				CLANG_WARN_INFINITE_RECURSION = YES;
				CLANG_WARN_INT_CONVERSION = YES;
				CLANG_WARN_NON_LITERAL_NULL_CONVERSION = YES;
				CLANG_WARN_OBJC_IMPLICIT_RETAIN_SELF = YES;
				CLANG_WARN_OBJC_LITERAL_CONVERSION = YES;
				CLANG_WARN_OBJC_ROOT_CLASS = YES_ERROR;
				CLANG_WARN_RANGE_LOOP_ANALYSIS = YES;
				CLANG_WARN_STRICT_PROTOTYPES = YES;
				CLANG_WARN_SUSPICIOUS_MOVE = YES;
				CLANG_WARN_UNGUARDED_AVAILABILITY = YES_AGGRESSIVE;
				CLANG_WARN_UNREACHABLE_CODE = YES;
				CLANG_WARN__DUPLICATE_METHOD_MATCH = YES;
				CODE_SIGN_IDENTITY = "iPhone Developer";
				COPY_PHASE_STRIP = NO;
				DEBUG_INFORMATION_FORMAT = dwarf;
				ENABLE_STRICT_OBJC_MSGSEND = YES;
				ENABLE_TESTABILITY = YES;
				GCC_C_LANGUAGE_STANDARD = gnu11;
				GCC_DYNAMIC_NO_PIC = NO;
				GCC_NO_COMMON_BLOCKS = YES;
				GCC_OPTIMIZATION_LEVEL = 0;
				GCC_PREPROCESSOR_DEFINITIONS = (
					"DEBUG=1",
					"$(inherited)",
				);
				GCC_WARN_64_TO_32_BIT_CONVERSION = YES;
				GCC_WARN_ABOUT_RETURN_TYPE = YES_ERROR;
				GCC_WARN_UNDECLARED_SELECTOR = YES;
				GCC_WARN_UNINITIALIZED_AUTOS = YES_AGGRESSIVE;
				GCC_WARN_UNUSED_FUNCTION = YES;
				GCC_WARN_UNUSED_VARIABLE = YES;
				IPHONEOS_DEPLOYMENT_TARGET = 12.1;
				MTL_ENABLE_DEBUG_INFO = INCLUDE_SOURCE;
				MTL_FAST_MATH = YES;
				ONLY_ACTIVE_ARCH = YES;
				SDKROOT = iphoneos;
				SWIFT_ACTIVE_COMPILATION_CONDITIONS = DEBUG;
				SWIFT_OPTIMIZATION_LEVEL = "-Onone";
			};
			name = Debug;
		};
		202D506121B41B9A00483DCA /* Release */ = {
			isa = XCBuildConfiguration;
			buildSettings = {
				ALWAYS_SEARCH_USER_PATHS = NO;
				CLANG_ANALYZER_NONNULL = YES;
				CLANG_ANALYZER_NUMBER_OBJECT_CONVERSION = YES_AGGRESSIVE;
				CLANG_CXX_LANGUAGE_STANDARD = "gnu++14";
				CLANG_CXX_LIBRARY = "libc++";
				CLANG_ENABLE_MODULES = YES;
				CLANG_ENABLE_OBJC_ARC = YES;
				CLANG_ENABLE_OBJC_WEAK = YES;
				CLANG_WARN_BLOCK_CAPTURE_AUTORELEASING = YES;
				CLANG_WARN_BOOL_CONVERSION = YES;
				CLANG_WARN_COMMA = YES;
				CLANG_WARN_CONSTANT_CONVERSION = YES;
				CLANG_WARN_DEPRECATED_OBJC_IMPLEMENTATIONS = YES;
				CLANG_WARN_DIRECT_OBJC_ISA_USAGE = YES_ERROR;
				CLANG_WARN_DOCUMENTATION_COMMENTS = YES;
				CLANG_WARN_EMPTY_BODY = YES;
				CLANG_WARN_ENUM_CONVERSION = YES;
				CLANG_WARN_INFINITE_RECURSION = YES;
				CLANG_WARN_INT_CONVERSION = YES;
				CLANG_WARN_NON_LITERAL_NULL_CONVERSION = YES;
				CLANG_WARN_OBJC_IMPLICIT_RETAIN_SELF = YES;
				CLANG_WARN_OBJC_LITERAL_CONVERSION = YES;
				CLANG_WARN_OBJC_ROOT_CLASS = YES_ERROR;
				CLANG_WARN_RANGE_LOOP_ANALYSIS = YES;
				CLANG_WARN_STRICT_PROTOTYPES = YES;
				CLANG_WARN_SUSPICIOUS_MOVE = YES;
				CLANG_WARN_UNGUARDED_AVAILABILITY = YES_AGGRESSIVE;
				CLANG_WARN_UNREACHABLE_CODE = YES;
				CLANG_WARN__DUPLICATE_METHOD_MATCH = YES;
				CODE_SIGN_IDENTITY = "iPhone Developer";
				COPY_PHASE_STRIP = NO;
				DEBUG_INFORMATION_FORMAT = "dwarf-with-dsym";
				ENABLE_NS_ASSERTIONS = NO;
				ENABLE_STRICT_OBJC_MSGSEND = YES;
				GCC_C_LANGUAGE_STANDARD = gnu11;
				GCC_NO_COMMON_BLOCKS = YES;
				GCC_WARN_64_TO_32_BIT_CONVERSION = YES;
				GCC_WARN_ABOUT_RETURN_TYPE = YES_ERROR;
				GCC_WARN_UNDECLARED_SELECTOR = YES;
				GCC_WARN_UNINITIALIZED_AUTOS = YES_AGGRESSIVE;
				GCC_WARN_UNUSED_FUNCTION = YES;
				GCC_WARN_UNUSED_VARIABLE = YES;
				IPHONEOS_DEPLOYMENT_TARGET = 12.1;
				MTL_ENABLE_DEBUG_INFO = NO;
				MTL_FAST_MATH = YES;
				SDKROOT = iphoneos;
				SWIFT_COMPILATION_MODE = wholemodule;
				SWIFT_OPTIMIZATION_LEVEL = "-O";
				VALIDATE_PRODUCT = YES;
			};
			name = Release;
		};
		202D506321B41B9A00483DCA /* Debug */ = {
			isa = XCBuildConfiguration;
			baseConfigurationReference = F22F1B656577A19C6411B300 /* Pods-MVx.debug.xcconfig */;
			buildSettings = {
				ASSETCATALOG_COMPILER_APPICON_NAME = AppIcon;
				CODE_SIGN_STYLE = Automatic;
				DEVELOPMENT_TEAM = Q7BEAG244J;
				INFOPLIST_FILE = MVx/Info.plist;
				LD_RUNPATH_SEARCH_PATHS = (
					"$(inherited)",
					"@executable_path/Frameworks",
				);
				PRODUCT_BUNDLE_IDENTIFIER = com.mightystrong.MVx;
				PRODUCT_NAME = "$(TARGET_NAME)";
				SWIFT_VERSION = 4.2;
				TARGETED_DEVICE_FAMILY = "1,2";
			};
			name = Debug;
		};
		202D506421B41B9A00483DCA /* Release */ = {
			isa = XCBuildConfiguration;
			baseConfigurationReference = 98C0AD395B198AD849A6D719 /* Pods-MVx.release.xcconfig */;
			buildSettings = {
				ASSETCATALOG_COMPILER_APPICON_NAME = AppIcon;
				CODE_SIGN_STYLE = Automatic;
				DEVELOPMENT_TEAM = Q7BEAG244J;
				INFOPLIST_FILE = MVx/Info.plist;
				LD_RUNPATH_SEARCH_PATHS = (
					"$(inherited)",
					"@executable_path/Frameworks",
				);
				PRODUCT_BUNDLE_IDENTIFIER = com.mightystrong.MVx;
				PRODUCT_NAME = "$(TARGET_NAME)";
				SWIFT_VERSION = 4.2;
				TARGETED_DEVICE_FAMILY = "1,2";
			};
			name = Release;
		};
		202D506621B41B9A00483DCA /* Debug */ = {
			isa = XCBuildConfiguration;
			baseConfigurationReference = ED4167AF86161E819118D293 /* Pods-MVxTests.debug.xcconfig */;
			buildSettings = {
				ALWAYS_EMBED_SWIFT_STANDARD_LIBRARIES = YES;
				BUNDLE_LOADER = "$(TEST_HOST)";
				CODE_SIGN_STYLE = Automatic;
				DEVELOPMENT_TEAM = Q7BEAG244J;
				INFOPLIST_FILE = MVxTests/Info.plist;
				LD_RUNPATH_SEARCH_PATHS = (
					"$(inherited)",
					"@executable_path/Frameworks",
					"@loader_path/Frameworks",
				);
				PRODUCT_BUNDLE_IDENTIFIER = com.mightystrong.MVxTests;
				PRODUCT_NAME = "$(TARGET_NAME)";
				SWIFT_VERSION = 4.2;
				TARGETED_DEVICE_FAMILY = "1,2";
				TEST_HOST = "$(BUILT_PRODUCTS_DIR)/MVx.app/MVx";
			};
			name = Debug;
		};
		202D506721B41B9A00483DCA /* Release */ = {
			isa = XCBuildConfiguration;
			baseConfigurationReference = C4FE945B20200D8442FE1D48 /* Pods-MVxTests.release.xcconfig */;
			buildSettings = {
				ALWAYS_EMBED_SWIFT_STANDARD_LIBRARIES = YES;
				BUNDLE_LOADER = "$(TEST_HOST)";
				CODE_SIGN_STYLE = Automatic;
				DEVELOPMENT_TEAM = Q7BEAG244J;
				INFOPLIST_FILE = MVxTests/Info.plist;
				LD_RUNPATH_SEARCH_PATHS = (
					"$(inherited)",
					"@executable_path/Frameworks",
					"@loader_path/Frameworks",
				);
				PRODUCT_BUNDLE_IDENTIFIER = com.mightystrong.MVxTests;
				PRODUCT_NAME = "$(TARGET_NAME)";
				SWIFT_VERSION = 4.2;
				TARGETED_DEVICE_FAMILY = "1,2";
				TEST_HOST = "$(BUILT_PRODUCTS_DIR)/MVx.app/MVx";
			};
			name = Release;
		};
		202D506921B41B9A00483DCA /* Debug */ = {
			isa = XCBuildConfiguration;
			baseConfigurationReference = F02C69CAE9E5EEBCDCA4E6A2 /* Pods-MVxUITests.debug.xcconfig */;
			buildSettings = {
				ALWAYS_EMBED_SWIFT_STANDARD_LIBRARIES = YES;
				CODE_SIGN_STYLE = Automatic;
				DEVELOPMENT_TEAM = Q7BEAG244J;
				INFOPLIST_FILE = MVxUITests/Info.plist;
				LD_RUNPATH_SEARCH_PATHS = (
					"$(inherited)",
					"@executable_path/Frameworks",
					"@loader_path/Frameworks",
				);
				PRODUCT_BUNDLE_IDENTIFIER = com.mightystrong.MVxUITests;
				PRODUCT_NAME = "$(TARGET_NAME)";
				SWIFT_VERSION = 4.2;
				TARGETED_DEVICE_FAMILY = "1,2";
				TEST_TARGET_NAME = MVx;
			};
			name = Debug;
		};
		202D506A21B41B9A00483DCA /* Release */ = {
			isa = XCBuildConfiguration;
			baseConfigurationReference = 2D93F5B826541E3BF59505D6 /* Pods-MVxUITests.release.xcconfig */;
			buildSettings = {
				ALWAYS_EMBED_SWIFT_STANDARD_LIBRARIES = YES;
				CODE_SIGN_STYLE = Automatic;
				DEVELOPMENT_TEAM = Q7BEAG244J;
				INFOPLIST_FILE = MVxUITests/Info.plist;
				LD_RUNPATH_SEARCH_PATHS = (
					"$(inherited)",
					"@executable_path/Frameworks",
					"@loader_path/Frameworks",
				);
				PRODUCT_BUNDLE_IDENTIFIER = com.mightystrong.MVxUITests;
				PRODUCT_NAME = "$(TARGET_NAME)";
				SWIFT_VERSION = 4.2;
				TARGETED_DEVICE_FAMILY = "1,2";
				TEST_TARGET_NAME = MVx;
			};
			name = Release;
		};
/* End XCBuildConfiguration section */

/* Begin XCConfigurationList section */
		202D503321B41B9700483DCA /* Build configuration list for PBXProject "MVx" */ = {
			isa = XCConfigurationList;
			buildConfigurations = (
				202D506021B41B9A00483DCA /* Debug */,
				202D506121B41B9A00483DCA /* Release */,
			);
			defaultConfigurationIsVisible = 0;
			defaultConfigurationName = Release;
		};
		202D506221B41B9A00483DCA /* Build configuration list for PBXNativeTarget "MVx" */ = {
			isa = XCConfigurationList;
			buildConfigurations = (
				202D506321B41B9A00483DCA /* Debug */,
				202D506421B41B9A00483DCA /* Release */,
			);
			defaultConfigurationIsVisible = 0;
			defaultConfigurationName = Release;
		};
		202D506521B41B9A00483DCA /* Build configuration list for PBXNativeTarget "MVxTests" */ = {
			isa = XCConfigurationList;
			buildConfigurations = (
				202D506621B41B9A00483DCA /* Debug */,
				202D506721B41B9A00483DCA /* Release */,
			);
			defaultConfigurationIsVisible = 0;
			defaultConfigurationName = Release;
		};
		202D506821B41B9A00483DCA /* Build configuration list for PBXNativeTarget "MVxUITests" */ = {
			isa = XCConfigurationList;
			buildConfigurations = (
				202D506921B41B9A00483DCA /* Debug */,
				202D506A21B41B9A00483DCA /* Release */,
			);
			defaultConfigurationIsVisible = 0;
			defaultConfigurationName = Release;
		};
/* End XCConfigurationList section */
	};
	rootObject = 202D503021B41B9700483DCA /* Project object */;
}
